<?xml version="1.0" encoding="utf-8"?>
<Project ToolsVersion="4.0" xmlns="http://schemas.microsoft.com/developer/msbuild/2003">
  <ItemGroup>
    <Filter Include="win32">
      <UniqueIdentifier>{84a8ebd7-7cf0-47f6-b75e-d441df67da40}</UniqueIdentifier>
    </Filter>
    <Filter Include="resource">
      <UniqueIdentifier>{715254bc-d70b-4ec5-bf29-467dd3ace079}</UniqueIdentifier>
    </Filter>
    <Filter Include="src">
      <UniqueIdentifier>{bb6c862e-70e9-49d9-81b7-3829a6f50471}</UniqueIdentifier>
    </Filter>
    <Filter Include="src\imgui">
      <UniqueIdentifier>{c3c221da-eac8-410c-a8b4-37a0ebcc6f7c}</UniqueIdentifier>
    </Filter>
  </ItemGroup>
  <ItemGroup>
    <ClCompile Include="main.cpp">
      <Filter>win32</Filter>
    </ClCompile>
    <ClCompile Include="..\Classes\AppDelegate.cpp">
      <Filter>src</Filter>
    </ClCompile>
    <ClCompile Include="..\Classes\HelloWorldScene.cpp">
      <Filter>src</Filter>
    </ClCompile>
    <ClCompile Include="..\Classes\imgui\imgui.cpp">
      <Filter>src\imgui</Filter>
    </ClCompile>
    <ClCompile Include="..\Classes\imgui\imgui_demo.cpp">
      <Filter>src\imgui</Filter>
    </ClCompile>
    <ClCompile Include="..\Classes\imgui\imgui_draw.cpp">
      <Filter>src\imgui</Filter>
    </ClCompile>
    <ClCompile Include="..\Classes\imgui\imgui_impl_glfw_win32.cpp">
      <Filter>src\imgui</Filter>
    </ClCompile>
    <ClCompile Include="..\Classes\imgui\CCIMGUI.cpp">
      <Filter>src\imgui</Filter>
    </ClCompile>
    <ClCompile Include="..\Classes\imgui\IMGUIGLViewImpl.cpp">
      <Filter>src\imgui</Filter>
    </ClCompile>
    <ClCompile Include="..\Classes\imgui\ImGuiLayer.cpp">
      <Filter>src\imgui</Filter>
    </ClCompile>
  </ItemGroup>
  <ItemGroup>
    <ClInclude Include="main.h">
      <Filter>win32</Filter>
    </ClInclude>
    <ClInclude Include="..\Classes\AppDelegate.h">
      <Filter>src</Filter>
    </ClInclude>
    <ClInclude Include="..\Classes\HelloWorldScene.h">
      <Filter>src</Filter>
    </ClInclude>
    <ClInclude Include="..\Classes\imgui\imconfig.h">
      <Filter>src\imgui</Filter>
    </ClInclude>
    <ClInclude Include="..\Classes\imgui\imgui.h">
      <Filter>src\imgui</Filter>
    </ClInclude>
    <ClInclude Include="..\Classes\imgui\imgui_impl_glfw.h">
      <Filter>src\imgui</Filter>
    </ClInclude>
    <ClInclude Include="..\Classes\imgui\imgui_internal.h">
      <Filter>src\imgui</Filter>
    </ClInclude>
    <ClInclude Include="..\Classes\imgui\stb_rect_pack.h">
      <Filter>src\imgui</Filter>
    </ClInclude>
    <ClInclude Include="..\Classes\imgui\stb_textedit.h">
      <Filter>src\imgui</Filter>
    </ClInclude>
    <ClInclude Include="..\Classes\imgui\stb_truetype.h">
      <Filter>src\imgui</Filter>
    </ClInclude>
    <ClInclude Include="..\Classes\imgui\CCIMGUI.h">
      <Filter>src\imgui</Filter>
    </ClInclude>
    <ClInclude Include="..\Classes\imgui\IMGUIGLViewImpl.h">
      <Filter>src\imgui</Filter>
    </ClInclude>
    <ClInclude Include="..\Classes\imgui\ImGuiLayer.h">
      <Filter>src\imgui</Filter>
    </ClInclude>
  </ItemGroup>
  <ItemGroup>
    <ResourceCompile Include="game.rc">
      <Filter>resource</Filter>
    </ResourceCompile>
  </ItemGroup>
</Project>